// !$*UTF8*$!
{
	archiveVersion = 1;
	classes = {
	};
	objectVersion = 46;
	objects = {

/* Begin PBXBuildFile section */
		FD1A8A9E1EFEACCE00FE0952 /* AppDelegate.swift in Sources */ = {isa = PBXBuildFile; fileRef = FD1A8A9D1EFEACCE00FE0952 /* AppDelegate.swift */; };
		FD1A8AA01EFEACCE00FE0952 /* ViewController.swift in Sources */ = {isa = PBXBuildFile; fileRef = FD1A8A9F1EFEACCE00FE0952 /* ViewController.swift */; };
		FD1A8AA31EFEACCE00FE0952 /* Main.storyboard in Resources */ = {isa = PBXBuildFile; fileRef = FD1A8AA11EFEACCE00FE0952 /* Main.storyboard */; };
		FD1A8AA61EFEACCE00FE0952 /* DreamLister.xcdatamodeld in Sources */ = {isa = PBXBuildFile; fileRef = FD1A8AA41EFEACCE00FE0952 /* DreamLister.xcdatamodeld */; };
		FD1A8AA81EFEACCF00FE0952 /* Assets.xcassets in Resources */ = {isa = PBXBuildFile; fileRef = FD1A8AA71EFEACCF00FE0952 /* Assets.xcassets */; };
		FD1A8AAB1EFEACCF00FE0952 /* LaunchScreen.storyboard in Resources */ = {isa = PBXBuildFile; fileRef = FD1A8AA91EFEACCF00FE0952 /* LaunchScreen.storyboard */; };
/* End PBXBuildFile section */

/* Begin PBXFileReference section */
		FD1A8A9A1EFEACCE00FE0952 /* DreamLister.app */ = {isa = PBXFileReference; explicitFileType = wrapper.application; includeInIndex = 0; path = DreamLister.app; sourceTree = BUILT_PRODUCTS_DIR; };
		FD1A8A9D1EFEACCE00FE0952 /* AppDelegate.swift */ = {isa = PBXFileReference; lastKnownFileType = sourcecode.swift; path = AppDelegate.swift; sourceTree = "<group>"; };
		FD1A8A9F1EFEACCE00FE0952 /* ViewController.swift */ = {isa = PBXFileReference; lastKnownFileType = sourcecode.swift; path = ViewController.swift; sourceTree = "<group>"; };
		FD1A8AA21EFEACCE00FE0952 /* Base */ = {isa = PBXFileReference; lastKnownFileType = file.storyboard; name = Base; path = Base.lproj/Main.storyboard; sourceTree = "<group>"; };
		FD1A8AA51EFEACCE00FE0952 /* DreamLister.xcdatamodel */ = {isa = PBXFileReference; lastKnownFileType = wrapper.xcdatamodel; path = DreamLister.xcdatamodel; sourceTree = "<group>"; };
		FD1A8AA71EFEACCF00FE0952 /* Assets.xcassets */ = {isa = PBXFileReference; lastKnownFileType = folder.assetcatalog; path = Assets.xcassets; sourceTree = "<group>"; };
		FD1A8AAA1EFEACCF00FE0952 /* Base */ = {isa = PBXFileReference; lastKnownFileType = file.storyboard; name = Base; path = Base.lproj/LaunchScreen.storyboard; sourceTree = "<group>"; };
		FD1A8AAC1EFEACCF00FE0952 /* Info.plist */ = {isa = PBXFileReference; lastKnownFileType = text.plist.xml; path = Info.plist; sourceTree = "<group>"; };
/* End PBXFileReference section */

/* Begin PBXFrameworksBuildPhase section */
		FD1A8A971EFEACCE00FE0952 /* Frameworks */ = {
			isa = PBXFrameworksBuildPhase;
			buildActionMask = 2147483647;
			files = (
			);
			runOnlyForDeploymentPostprocessing = 0;
		};
/* End PBXFrameworksBuildPhase section */

/* Begin PBXGroup section */
		FD1A8A911EFEACCE00FE0952 = {
			isa = PBXGroup;
			children = (
				FD1A8A9C1EFEACCE00FE0952 /* DreamLister */,
				FD1A8A9B1EFEACCE00FE0952 /* Products */,
			);
			sourceTree = "<group>";
		};
		FD1A8A9B1EFEACCE00FE0952 /* Products */ = {
			isa = PBXGroup;
			children = (
				FD1A8A9A1EFEACCE00FE0952 /* DreamLister.app */,
			);
			name = Products;
			sourceTree = "<group>";
		};
		FD1A8A9C1EFEACCE00FE0952 /* DreamLister */ = {
			isa = PBXGroup;
			children = (
				FD1A8A9D1EFEACCE00FE0952 /* AppDelegate.swift */,
				FD1A8A9F1EFEACCE00FE0952 /* ViewController.swift */,
				FD1A8AA11EFEACCE00FE0952 /* Main.storyboard */,
				FD1A8AA71EFEACCF00FE0952 /* Assets.xcassets */,
				FD1A8AA91EFEACCF00FE0952 /* LaunchScreen.storyboard */,
				FD1A8AAC1EFEACCF00FE0952 /* Info.plist */,
				FD1A8AA41EFEACCE00FE0952 /* DreamLister.xcdatamodeld */,
			);
			path = DreamLister;
			sourceTree = "<group>";
		};
/* End PBXGroup section */

/* Begin PBXNativeTarget section */
		FD1A8A991EFEACCE00FE0952 /* DreamLister */ = {
			isa = PBXNativeTarget;
			buildConfigurationList = FD1A8AAF1EFEACCF00FE0952 /* Build configuration list for PBXNativeTarget "DreamLister" */;
			buildPhases = (
				FD1A8A961EFEACCE00FE0952 /* Sources */,
				FD1A8A971EFEACCE00FE0952 /* Frameworks */,
				FD1A8A981EFEACCE00FE0952 /* Resources */,
			);
			buildRules = (
			);
			dependencies = (
			);
			name = DreamLister;
			productName = DreamLister;
			productReference = FD1A8A9A1EFEACCE00FE0952 /* DreamLister.app */;
			productType = "com.apple.product-type.application";
		};
/* End PBXNativeTarget section */

/* Begin PBXProject section */
		FD1A8A921EFEACCE00FE0952 /* Project object */ = {
			isa = PBXProject;
			attributes = {
				LastSwiftUpdateCheck = 0830;
				LastUpgradeCheck = 0830;
				ORGANIZATIONNAME = "Daniel Ny";
				TargetAttributes = {
					FD1A8A991EFEACCE00FE0952 = {
						CreatedOnToolsVersion = 8.3.3;
						DevelopmentTeam = 7LRD5684ZH;
						ProvisioningStyle = Automatic;
					};
				};
			};
			buildConfigurationList = FD1A8A951EFEACCE00FE0952 /* Build configuration list for PBXProject "DreamLister" */;
			compatibilityVersion = "Xcode 3.2";
			developmentRegion = English;
			hasScannedForEncodings = 0;
			knownRegions = (
				en,
				Base,
			);
			mainGroup = FD1A8A911EFEACCE00FE0952;
			productRefGroup = FD1A8A9B1EFEACCE00FE0952 /* Products */;
			projectDirPath = "";
			projectRoot = "";
			targets = (
				FD1A8A991EFEACCE00FE0952 /* DreamLister */,
			);
		};
/* End PBXProject section */

/* Begin PBXResourcesBuildPhase section */
		FD1A8A981EFEACCE00FE0952 /* Resources */ = {
			isa = PBXResourcesBuildPhase;
			buildActionMask = 2147483647;
			files = (
				FD1A8AAB1EFEACCF00FE0952 /* LaunchScreen.storyboard in Resources */,
				FD1A8AA81EFEACCF00FE0952 /* Assets.xcassets in Resources */,
				FD1A8AA31EFEACCE00FE0952 /* Main.storyboard in Resources */,
			);
			runOnlyForDeploymentPostprocessing = 0;
		};
/* End PBXResourcesBuildPhase section */

/* Begin PBXSourcesBuildPhase section */
		FD1A8A961EFEACCE00FE0952 /* Sources */ = {
			isa = PBXSourcesBuildPhase;
			buildActionMask = 2147483647;
			files = (
				FD1A8AA01EFEACCE00FE0952 /* ViewController.swift in Sources */,
				FD1A8A9E1EFEACCE00FE0952 /* AppDelegate.swift in Sources */,
				FD1A8AA61EFEACCE00FE0952 /* DreamLister.xcdatamodeld in Sources */,
			);
			runOnlyForDeploymentPostprocessing = 0;
		};
/* End PBXSourcesBuildPhase section */

/* Begin PBXVariantGroup section */
		FD1A8AA11EFEACCE00FE0952 /* Main.storyboard */ = {
			isa = PBXVariantGroup;
			children = (
				FD1A8AA21EFEACCE00FE0952 /* Base */,
			);
			name = Main.storyboard;
			sourceTree = "<group>";
		};
		FD1A8AA91EFEACCF00FE0952 /* LaunchScreen.storyboard */ = {
			isa = PBXVariantGroup;
			children = (
				FD1A8AAA1EFEACCF00FE0952 /* Base */,
			);
			name = LaunchScreen.storyboard;
			sourceTree = "<group>";
		};
/* End PBXVariantGroup section */

/* Begin XCBuildConfiguration section */
		FD1A8AAD1EFEACCF00FE0952 /* Debug */ = {
			isa = XCBuildConfiguration;
			buildSettings = {
				ALWAYS_SEARCH_USER_PATHS = NO;
				CLANG_ANALYZER_NONNULL = YES;
				CLANG_ANALYZER_NUMBER_OBJECT_CONVERSION = YES_AGGRESSIVE;
				CLANG_CXX_LANGUAGE_STANDARD = "gnu++0x";
				CLANG_CXX_LIBRARY = "libc++";
				CLANG_ENABLE_MODULES = YES;
				CLANG_ENABLE_OBJC_ARC = YES;
				CLANG_WARN_BOOL_CONVERSION = YES;
				CLANG_WARN_CONSTANT_CONVERSION = YES;
				CLANG_WARN_DIRECT_OBJC_ISA_USAGE = YES_ERROR;
				CLANG_WARN_DOCUMENTATION_COMMENTS = YES;
				CLANG_WARN_EMPTY_BODY = YES;
				CLANG_WARN_ENUM_CONVERSION = YES;
				CLANG_WARN_INFINITE_RECURSION = YES;
				CLANG_WARN_INT_CONVERSION = YES;
				CLANG_WARN_OBJC_ROOT_CLASS = YES_ERROR;
				CLANG_WARN_SUSPICIOUS_MOVE = YES;
				CLANG_WARN_UNREACHABLE_CODE = YES;
				CLANG_WARN__DUPLICATE_METHOD_MATCH = YES;
				"CODE_SIGN_IDENTITY[sdk=iphoneos*]" = "iPhone Developer";
				COPY_PHASE_STRIP = NO;
				DEBUG_INFORMATION_FORMAT = dwarf;
				ENABLE_STRICT_OBJC_MSGSEND = YES;
				ENABLE_TESTABILITY = YES;
				GCC_C_LANGUAGE_STANDARD = gnu99;
				GCC_DYNAMIC_NO_PIC = NO;
				GCC_NO_COMMON_BLOCKS = YES;
				GCC_OPTIMIZATION_LEVEL = 0;
				GCC_PREPROCESSOR_DEFINITIONS = (
					"DEBUG=1",
					"$(inherited)",
				);
				GCC_WARN_64_TO_32_BIT_CONVERSION = YES;
				GCC_WARN_ABOUT_RETURN_TYPE = YES_ERROR;
				GCC_WARN_UNDECLARED_SELECTOR = YES;
				GCC_WARN_UNINITIALIZED_AUTOS = YES_AGGRESSIVE;
				GCC_WARN_UNUSED_FUNCTION = YES;
				GCC_WARN_UNUSED_VARIABLE = YES;
				IPHONEOS_DEPLOYMENT_TARGET = 10.3;
				MTL_ENABLE_DEBUG_INFO = YES;
				ONLY_ACTIVE_ARCH = YES;
				SDKROOT = iphoneos;
				SWIFT_ACTIVE_COMPILATION_CONDITIONS = DEBUG;
				SWIFT_OPTIMIZATION_LEVEL = "-Onone";
			};
			name = Debug;
		};
		FD1A8AAE1EFEACCF00FE0952 /* Release */ = {
			isa = XCBuildConfiguration;
			buildSettings = {
				ALWAYS_SEARCH_USER_PATHS = NO;
				CLANG_ANALYZER_NONNULL = YES;
				CLANG_ANALYZER_NUMBER_OBJECT_CONVERSION = YES_AGGRESSIVE;
				CLANG_CXX_LANGUAGE_STANDARD = "gnu++0x";
				CLANG_CXX_LIBRARY = "libc++";
				CLANG_ENABLE_MODULES = YES;
				CLANG_ENABLE_OBJC_ARC = YES;
				CLANG_WARN_BOOL_CONVERSION = YES;
				CLANG_WARN_CONSTANT_CONVERSION = YES;
				CLANG_WARN_DIRECT_OBJC_ISA_USAGE = YES_ERROR;
				CLANG_WARN_DOCUMENTATION_COMMENTS = YES;
				CLANG_WARN_EMPTY_BODY = YES;
				CLANG_WARN_ENUM_CONVERSION = YES;
				CLANG_WARN_INFINITE_RECURSION = YES;
				CLANG_WARN_INT_CONVERSION = YES;
				CLANG_WARN_OBJC_ROOT_CLASS = YES_ERROR;
				CLANG_WARN_SUSPICIOUS_MOVE = YES;
				CLANG_WARN_UNREACHABLE_CODE = YES;
				CLANG_WARN__DUPLICATE_METHOD_MATCH = YES;
				"CODE_SIGN_IDENTITY[sdk=iphoneos*]" = "iPhone Developer";
				COPY_PHASE_STRIP = NO;
				DEBUG_INFORMATION_FORMAT = "dwarf-with-dsym";
				ENABLE_NS_ASSERTIONS = NO;
				ENABLE_STRICT_OBJC_MSGSEND = YES;
				GCC_C_LANGUAGE_STANDARD = gnu99;
				GCC_NO_COMMON_BLOCKS = YES;
				GCC_WARN_64_TO_32_BIT_CONVERSION = YES;
				GCC_WARN_ABOUT_RETURN_TYPE = YES_ERROR;
				GCC_WARN_UNDECLARED_SELECTOR = YES;
				GCC_WARN_UNINITIALIZED_AUTOS = YES_AGGRESSIVE;
				GCC_WARN_UNUSED_FUNCTION = YES;
				GCC_WARN_UNUSED_VARIABLE = YES;
				IPHONEOS_DEPLOYMENT_TARGET = 10.3;
				MTL_ENABLE_DEBUG_INFO = NO;
				SDKROOT = iphoneos;
				SWIFT_OPTIMIZATION_LEVEL = "-Owholemodule";
				VALIDATE_PRODUCT = YES;
			};
			name = Release;
		};
		FD1A8AB01EFEACCF00FE0952 /* Debug */ = {
			isa = XCBuildConfiguration;
			buildSettings = {
				ASSETCATALOG_COMPILER_APPICON_NAME = AppIcon;
				DEVELOPMENT_TEAM = 7LRD5684ZH;
				INFOPLIST_FILE = DreamLister/Info.plist;
				LD_RUNPATH_SEARCH_PATHS = "$(inherited) @executable_path/Frameworks";
				PRODUCT_BUNDLE_IDENTIFIER = com.danielny.DreamLister;
				PRODUCT_NAME = "$(TARGET_NAME)";
				SWIFT_VERSION = 3.0;
			};
			name = Debug;
		};
		FD1A8AB11EFEACCF00FE0952 /* Release */ = {
			isa = XCBuildConfiguration;
			buildSettings = {
				ASSETCATALOG_COMPILER_APPICON_NAME = AppIcon;
				DEVELOPMENT_TEAM = 7LRD5684ZH;
				INFOPLIST_FILE = DreamLister/Info.plist;
				LD_RUNPATH_SEARCH_PATHS = "$(inherited) @executable_path/Frameworks";
				PRODUCT_BUNDLE_IDENTIFIER = com.danielny.DreamLister;
				PRODUCT_NAME = "$(TARGET_NAME)";
				SWIFT_VERSION = 3.0;
			};
			name = Release;
		};
/* End XCBuildConfiguration section */

/* Begin XCConfigurationList section */
		FD1A8A951EFEACCE00FE0952 /* Build configuration list for PBXProject "DreamLister" */ = {
			isa = XCConfigurationList;
			buildConfigurations = (
				FD1A8AAD1EFEACCF00FE0952 /* Debug */,
				FD1A8AAE1EFEACCF00FE0952 /* Release */,
			);
			defaultConfigurationIsVisible = 0;
			defaultConfigurationName = Release;
		};
		FD1A8AAF1EFEACCF00FE0952 /* Build configuration list for PBXNativeTarget "DreamLister" */ = {
			isa = XCConfigurationList;
			buildConfigurations = (
				FD1A8AB01EFEACCF00FE0952 /* Debug */,
				FD1A8AB11EFEACCF00FE0952 /* Release */,
			);
			defaultConfigurationIsVisible = 0;
		};
/* End XCConfigurationList section */

/* Begin XCVersionGroup section */
		FD1A8AA41EFEACCE00FE0952 /* DreamLister.xcdatamodeld */ = {
			isa = XCVersionGroup;
			children = (
				FD1A8AA51EFEACCE00FE0952 /* DreamLister.xcdatamodel */,
			);
			currentVersion = FD1A8AA51EFEACCE00FE0952 /* DreamLister.xcdatamodel */;
			path = DreamLister.xcdatamodeld;
			sourceTree = "<group>";
			versionGroupType = wrapper.xcdatamodel;
		};
/* End XCVersionGroup section */
	};
	rootObject = FD1A8A921EFEACCE00FE0952 /* Project object */;
}
